{
  "requires": true,
  "lockfileVersion": 1,
  "dependencies": {
    "atoa": {
      "version": "1.0.0",
      "resolved": "https://registry.npmjs.org/atoa/-/atoa-1.0.0.tgz",
      "integrity": "sha512-VVE1H6cc4ai+ZXo/CRWoJiHXrA1qfA31DPnx6D20+kSI547hQN5Greh51LQ1baMRMfxO5K5M4ImMtZbZt2DODQ=="
    },
    "contra": {
      "version": "1.9.4",
      "resolved": "https://registry.npmjs.org/contra/-/contra-1.9.4.tgz",
      "integrity": "sha512-N9ArHAqwR/lhPq4OdIAwH4e1btn6EIZMAz4TazjnzCiVECcWUPTma+dRAM38ERImEJBh8NiCCpjoQruSZ+agYg==",
      "requires": {
        "atoa": "1.0.0",
        "ticky": "1.0.1"
      }
    },
    "crossvent": {
      "version": "1.5.5",
      "resolved": "https://registry.npmjs.org/crossvent/-/crossvent-1.5.5.tgz",
      "integrity": "sha512-MY4xhBYEnVi+pmTpHCOCsCLYczc0PVtGdPBz6NXNXxikLaUZo4HdAeUb1UqAo3t3yXAloSelTmfxJ+/oUqkW5w==",
      "requires": {
        "custom-event": "^1.0.0"
      }
    },
    "custom-event": {
      "version": "1.0.1",
      "resolved": "https://registry.npmjs.org/custom-event/-/custom-event-1.0.1.tgz",
      "integrity": "sha512-GAj5FOq0Hd+RsCGVJxZuKaIDXDf3h6GQoNEjFgbLLI/trgtavwUbSnZ5pVfg27DVCaWjIohryS0JFwIJyT2cMg=="
    },
    "dragula": {
      "version": "3.7.3",
      "resolved": "https://registry.npmjs.org/dragula/-/dragula-3.7.3.tgz",
      "integrity": "sha512-/rRg4zRhcpf81TyDhaHLtXt6sEywdfpv1cRUMeFFy7DuypH2U0WUL0GTdyAQvXegviT4PJK4KuMmOaIDpICseQ==",
      "requires": {
        "contra": "1.9.4",
        "crossvent": "1.5.5"
      }
    },
    "js-tokens": {
      "version": "4.0.0",
      "resolved": "https://registry.npmjs.org/js-tokens/-/js-tokens-4.0.0.tgz",
      "integrity": "sha512-RdJUflcE3cUzKiMqQgsCu06FPu9UdIJO0beYbPhHN4k6apgJtifcoCtT9bcxOpYBtpD2kCM6Sbzg4CausW/PKQ=="
    },
    "loose-envify": {
      "version": "1.4.0",
      "resolved": "https://registry.npmjs.org/loose-envify/-/loose-envify-1.4.0.tgz",
      "integrity": "sha512-lyuxPGr/Wfhrlem2CL/UcnUc1zcqKAImBDzukY7Y5F/yQiNdko6+fRLevlw1HgMySw7f611UIY408EtxRSoK3Q==",
      "requires": {
        "js-tokens": "^3.0.0 || ^4.0.0"
      }
    },
    "react": {
      "version": "18.2.0",
      "resolved": "https://registry.npmjs.org/react/-/react-18.2.0.tgz",
      "integrity": "sha512-/3IjMdb2L9QbBdWiW5e3P2/npwMBaU9mHCSCUzNln0ZCYbcfTsGbTJrU/kGemdH2IWmB2ioZ+zkxtmq6g09fGQ==",
      "requires": {
        "loose-envify": "^1.1.0"
      }
    },
    "react-dom": {
      "version": "18.2.0",
      "resolved": "https://registry.npmjs.org/react-dom/-/react-dom-18.2.0.tgz",
      "integrity": "sha512-6IMTriUmvsjHUjNtEDudZfuDQUoWXVxKHhlEGSk81n4YFS+r/Kl99wXiwlVXtPBtJenozv2P+hxDsw9eA7Xo6g==",
      "requires": {
        "loose-envify": "^1.1.0",
        "scheduler": "^0.23.0"
      }
    },
    "scheduler": {
      "version": "0.23.0",
      "resolved": "https://registry.npmjs.org/scheduler/-/scheduler-0.23.0.tgz",
      "integrity": "sha512-CtuThmgHNg7zIZWAXi3AsyIzA3n4xx7aNyjwC2VJldO2LMVDhFK+63xGqq6CsJH4rTAt6/M+N4GhZiDYPx9eUw==",
      "requires": {
        "loose-envify": "^1.1.0"
      }
    },
    "ticky": {
      "version": "1.0.1",
      "resolved": "https://registry.npmjs.org/ticky/-/ticky-1.0.1.tgz",
      "integrity": "sha512-RX35iq/D+lrsqhcPWIazM9ELkjOe30MSeoBHQHSsRwd1YuhJO5ui1K1/R0r7N3mFvbLBs33idw+eR6j+w6i/DA=="
    }
  }
}
